// !$*UTF8*$!
{
	archiveVersion = 1;
	classes = {
	};
	objectVersion = 46;
	objects = {

/* Begin PBXBuildFile section */
		DF1D01C61A09D12400963E02 /* AppDelegate.swift in Sources */ = {isa = PBXBuildFile; fileRef = DF1D01C51A09D12400963E02 /* AppDelegate.swift */; };
		DF1D01C81A09D12400963E02 /* ViewController.swift in Sources */ = {isa = PBXBuildFile; fileRef = DF1D01C71A09D12400963E02 /* ViewController.swift */; };
		DF1D01CB1A09D12400963E02 /* Main.storyboard in Resources */ = {isa = PBXBuildFile; fileRef = DF1D01C91A09D12400963E02 /* Main.storyboard */; };
		DF1D01CD1A09D12400963E02 /* Images.xcassets in Resources */ = {isa = PBXBuildFile; fileRef = DF1D01CC1A09D12400963E02 /* Images.xcassets */; };
		DF1D01D01A09D12400963E02 /* LaunchScreen.xib in Resources */ = {isa = PBXBuildFile; fileRef = DF1D01CE1A09D12400963E02 /* LaunchScreen.xib */; };
		DF1D01DC1A09D12400963E02 /* something_is_wrongTests.swift in Sources */ = {isa = PBXBuildFile; fileRef = DF1D01DB1A09D12400963E02 /* something_is_wrongTests.swift */; };
/* End PBXBuildFile section */

/* Begin PBXContainerItemProxy section */
		DF1D01D61A09D12400963E02 /* PBXContainerItemProxy */ = {
			isa = PBXContainerItemProxy;
			containerPortal = DF1D01B81A09D12400963E02 /* Project object */;
			proxyType = 1;
			remoteGlobalIDString = DF1D01BF1A09D12400963E02;
			remoteInfo = "something is wrong";
		};
/* End PBXContainerItemProxy section */

/* Begin PBXFileReference section */
		DF1D01C01A09D12400963E02 /* something is wrong.app */ = {isa = PBXFileReference; explicitFileType = wrapper.application; includeInIndex = 0; path = "something is wrong.app"; sourceTree = BUILT_PRODUCTS_DIR; };
		DF1D01C41A09D12400963E02 /* Info.plist */ = {isa = PBXFileReference; lastKnownFileType = text.plist.xml; path = Info.plist; sourceTree = "<group>"; };
		DF1D01C51A09D12400963E02 /* AppDelegate.swift */ = {isa = PBXFileReference; lastKnownFileType = sourcecode.swift; path = AppDelegate.swift; sourceTree = "<group>"; };
		DF1D01C71A09D12400963E02 /* ViewController.swift */ = {isa = PBXFileReference; lastKnownFileType = sourcecode.swift; path = ViewController.swift; sourceTree = "<group>"; };
		DF1D01CA1A09D12400963E02 /* Base */ = {isa = PBXFileReference; lastKnownFileType = file.storyboard; name = Base; path = Base.lproj/Main.storyboard; sourceTree = "<group>"; };
		DF1D01CC1A09D12400963E02 /* Images.xcassets */ = {isa = PBXFileReference; lastKnownFileType = folder.assetcatalog; path = Images.xcassets; sourceTree = "<group>"; };
		DF1D01CF1A09D12400963E02 /* Base */ = {isa = PBXFileReference; lastKnownFileType = file.xib; name = Base; path = Base.lproj/LaunchScreen.xib; sourceTree = "<group>"; };
		DF1D01D51A09D12400963E02 /* something is wrongTests.xctest */ = {isa = PBXFileReference; explicitFileType = wrapper.cfbundle; includeInIndex = 0; path = "something is wrongTests.xctest"; sourceTree = BUILT_PRODUCTS_DIR; };
		DF1D01DA1A09D12400963E02 /* Info.plist */ = {isa = PBXFileReference; lastKnownFileType = text.plist.xml; path = Info.plist; sourceTree = "<group>"; };
		DF1D01DB1A09D12400963E02 /* something_is_wrongTests.swift */ = {isa = PBXFileReference; lastKnownFileType = sourcecode.swift; path = something_is_wrongTests.swift; sourceTree = "<group>"; };
/* End PBXFileReference section */

/* Begin PBXFrameworksBuildPhase section */
		DF1D01BD1A09D12400963E02 /* Frameworks */ = {
			isa = PBXFrameworksBuildPhase;
			buildActionMask = 2147483647;
			files = (
			);
			runOnlyForDeploymentPostprocessing = 0;
		};
		DF1D01D21A09D12400963E02 /* Frameworks */ = {
			isa = PBXFrameworksBuildPhase;
			buildActionMask = 2147483647;
			files = (
			);
			runOnlyForDeploymentPostprocessing = 0;
		};
/* End PBXFrameworksBuildPhase section */

/* Begin PBXGroup section */
		DF1D01B71A09D12400963E02 = {
			isa = PBXGroup;
			children = (
				DF1D01C21A09D12400963E02 /* something is wrong */,
				DF1D01D81A09D12400963E02 /* something is wrongTests */,
				DF1D01C11A09D12400963E02 /* Products */,
			);
			sourceTree = "<group>";
		};
		DF1D01C11A09D12400963E02 /* Products */ = {
			isa = PBXGroup;
			children = (
				DF1D01C01A09D12400963E02 /* something is wrong.app */,
				DF1D01D51A09D12400963E02 /* something is wrongTests.xctest */,
			);
			name = Products;
			sourceTree = "<group>";
		};
		DF1D01C21A09D12400963E02 /* something is wrong */ = {
			isa = PBXGroup;
			children = (
				DF1D01C51A09D12400963E02 /* AppDelegate.swift */,
				DF1D01C71A09D12400963E02 /* ViewController.swift */,
				DF1D01C91A09D12400963E02 /* Main.storyboard */,
				DF1D01CC1A09D12400963E02 /* Images.xcassets */,
				DF1D01CE1A09D12400963E02 /* LaunchScreen.xib */,
				DF1D01C31A09D12400963E02 /* Supporting Files */,
			);
			path = "something is wrong";
			sourceTree = "<group>";
		};
		DF1D01C31A09D12400963E02 /* Supporting Files */ = {
			isa = PBXGroup;
			children = (
				DF1D01C41A09D12400963E02 /* Info.plist */,
			);
			name = "Supporting Files";
			sourceTree = "<group>";
		};
		DF1D01D81A09D12400963E02 /* something is wrongTests */ = {
			isa = PBXGroup;
			children = (
				DF1D01DB1A09D12400963E02 /* something_is_wrongTests.swift */,
				DF1D01D91A09D12400963E02 /* Supporting Files */,
			);
			path = "something is wrongTests";
			sourceTree = "<group>";
		};
		DF1D01D91A09D12400963E02 /* Supporting Files */ = {
			isa = PBXGroup;
			children = (
				DF1D01DA1A09D12400963E02 /* Info.plist */,
			);
			name = "Supporting Files";
			sourceTree = "<group>";
		};
/* End PBXGroup section */

/* Begin PBXNativeTarget section */
		DF1D01BF1A09D12400963E02 /* something is wrong */ = {
			isa = PBXNativeTarget;
			buildConfigurationList = DF1D01DF1A09D12400963E02 /* Build configuration list for PBXNativeTarget "something is wrong" */;
			buildPhases = (
				DF1D01BC1A09D12400963E02 /* Sources */,
				DF1D01BD1A09D12400963E02 /* Frameworks */,
				DF1D01BE1A09D12400963E02 /* Resources */,
			);
			buildRules = (
			);
			dependencies = (
			);
			name = "something is wrong";
			productName = "something is wrong";
			productReference = DF1D01C01A09D12400963E02 /* something is wrong.app */;
			productType = "com.apple.product-type.application";
		};
		DF1D01D41A09D12400963E02 /* something is wrongTests */ = {
			isa = PBXNativeTarget;
			buildConfigurationList = DF1D01E21A09D12400963E02 /* Build configuration list for PBXNativeTarget "something is wrongTests" */;
			buildPhases = (
				DF1D01D11A09D12400963E02 /* Sources */,
				DF1D01D21A09D12400963E02 /* Frameworks */,
				DF1D01D31A09D12400963E02 /* Resources */,
			);
			buildRules = (
			);
			dependencies = (
				DF1D01D71A09D12400963E02 /* PBXTargetDependency */,
			);
			name = "something is wrongTests";
			productName = "something is wrongTests";
			productReference = DF1D01D51A09D12400963E02 /* something is wrongTests.xctest */;
			productType = "com.apple.product-type.bundle.unit-test";
		};
/* End PBXNativeTarget section */

/* Begin PBXProject section */
		DF1D01B81A09D12400963E02 /* Project object */ = {
			isa = PBXProject;
			attributes = {
				LastUpgradeCheck = 0610;
				ORGANIZATIONNAME = "Athiwat Chunlakhan";
				TargetAttributes = {
					DF1D01BF1A09D12400963E02 = {
						CreatedOnToolsVersion = 6.1;
					};
					DF1D01D41A09D12400963E02 = {
						CreatedOnToolsVersion = 6.1;
						TestTargetID = DF1D01BF1A09D12400963E02;
					};
				};
			};
			buildConfigurationList = DF1D01BB1A09D12400963E02 /* Build configuration list for PBXProject "something is wrong" */;
			compatibilityVersion = "Xcode 3.2";
			developmentRegion = English;
			hasScannedForEncodings = 0;
			knownRegions = (
				en,
				Base,
			);
			mainGroup = DF1D01B71A09D12400963E02;
			productRefGroup = DF1D01C11A09D12400963E02 /* Products */;
			projectDirPath = "";
			projectRoot = "";
			targets = (
				DF1D01BF1A09D12400963E02 /* something is wrong */,
				DF1D01D41A09D12400963E02 /* something is wrongTests */,
			);
		};
/* End PBXProject section */

/* Begin PBXResourcesBuildPhase section */
		DF1D01BE1A09D12400963E02 /* Resources */ = {
			isa = PBXResourcesBuildPhase;
			buildActionMask = 2147483647;
			files = (
				DF1D01CB1A09D12400963E02 /* Main.storyboard in Resources */,
				DF1D01D01A09D12400963E02 /* LaunchScreen.xib in Resources */,
				DF1D01CD1A09D12400963E02 /* Images.xcassets in Resources */,
			);
			runOnlyForDeploymentPostprocessing = 0;
		};
		DF1D01D31A09D12400963E02 /* Resources */ = {
			isa = PBXResourcesBuildPhase;
			buildActionMask = 2147483647;
			files = (
			);
			runOnlyForDeploymentPostprocessing = 0;
		};
/* End PBXResourcesBuildPhase section */

/* Begin PBXSourcesBuildPhase section */
		DF1D01BC1A09D12400963E02 /* Sources */ = {
			isa = PBXSourcesBuildPhase;
			buildActionMask = 2147483647;
			files = (
				DF1D01C81A09D12400963E02 /* ViewController.swift in Sources */,
				DF1D01C61A09D12400963E02 /* AppDelegate.swift in Sources */,
			);
			runOnlyForDeploymentPostprocessing = 0;
		};
		DF1D01D11A09D12400963E02 /* Sources */ = {
			isa = PBXSourcesBuildPhase;
			buildActionMask = 2147483647;
			files = (
				DF1D01DC1A09D12400963E02 /* something_is_wrongTests.swift in Sources */,
			);
			runOnlyForDeploymentPostprocessing = 0;
		};
/* End PBXSourcesBuildPhase section */

/* Begin PBXTargetDependency section */
		DF1D01D71A09D12400963E02 /* PBXTargetDependency */ = {
			isa = PBXTargetDependency;
			target = DF1D01BF1A09D12400963E02 /* something is wrong */;
			targetProxy = DF1D01D61A09D12400963E02 /* PBXContainerItemProxy */;
		};
/* End PBXTargetDependency section */

/* Begin PBXVariantGroup section */
		DF1D01C91A09D12400963E02 /* Main.storyboard */ = {
			isa = PBXVariantGroup;
			children = (
				DF1D01CA1A09D12400963E02 /* Base */,
			);
			name = Main.storyboard;
			sourceTree = "<group>";
		};
		DF1D01CE1A09D12400963E02 /* LaunchScreen.xib */ = {
			isa = PBXVariantGroup;
			children = (
				DF1D01CF1A09D12400963E02 /* Base */,
			);
			name = LaunchScreen.xib;
			sourceTree = "<group>";
		};
/* End PBXVariantGroup section */

/* Begin XCBuildConfiguration section */
		DF1D01DD1A09D12400963E02 /* Debug */ = {
			isa = XCBuildConfiguration;
			buildSettings = {
				ALWAYS_SEARCH_USER_PATHS = NO;
				CLANG_CXX_LANGUAGE_STANDARD = "gnu++0x";
				CLANG_CXX_LIBRARY = "libc++";
				CLANG_ENABLE_MODULES = YES;
				CLANG_ENABLE_OBJC_ARC = YES;
				CLANG_WARN_BOOL_CONVERSION = YES;
				CLANG_WARN_CONSTANT_CONVERSION = YES;
				CLANG_WARN_DIRECT_OBJC_ISA_USAGE = YES_ERROR;
				CLANG_WARN_EMPTY_BODY = YES;
				CLANG_WARN_ENUM_CONVERSION = YES;
				CLANG_WARN_INT_CONVERSION = YES;
				CLANG_WARN_OBJC_ROOT_CLASS = YES_ERROR;
				CLANG_WARN_UNREACHABLE_CODE = YES;
				CLANG_WARN__DUPLICATE_METHOD_MATCH = YES;
				"CODE_SIGN_IDENTITY[sdk=iphoneos*]" = "iPhone Developer";
				COPY_PHASE_STRIP = NO;
				ENABLE_STRICT_OBJC_MSGSEND = YES;
				GCC_C_LANGUAGE_STANDARD = gnu99;
				GCC_DYNAMIC_NO_PIC = NO;
				GCC_OPTIMIZATION_LEVEL = 0;
				GCC_PREPROCESSOR_DEFINITIONS = (
					"DEBUG=1",
					"$(inherited)",
				);
				GCC_SYMBOLS_PRIVATE_EXTERN = NO;
				GCC_WARN_64_TO_32_BIT_CONVERSION = YES;
				GCC_WARN_ABOUT_RETURN_TYPE = YES_ERROR;
				GCC_WARN_UNDECLARED_SELECTOR = YES;
				GCC_WARN_UNINITIALIZED_AUTOS = YES_AGGRESSIVE;
				GCC_WARN_UNUSED_FUNCTION = YES;
				GCC_WARN_UNUSED_VARIABLE = YES;
				IPHONEOS_DEPLOYMENT_TARGET = 8.1;
				MTL_ENABLE_DEBUG_INFO = YES;
				ONLY_ACTIVE_ARCH = YES;
				SDKROOT = iphoneos;
				SWIFT_OPTIMIZATION_LEVEL = "-Onone";
			};
			name = Debug;
		};
		DF1D01DE1A09D12400963E02 /* Release */ = {
			isa = XCBuildConfiguration;
			buildSettings = {
				ALWAYS_SEARCH_USER_PATHS = NO;
				CLANG_CXX_LANGUAGE_STANDARD = "gnu++0x";
				CLANG_CXX_LIBRARY = "libc++";
				CLANG_ENABLE_MODULES = YES;
				CLANG_ENABLE_OBJC_ARC = YES;
				CLANG_WARN_BOOL_CONVERSION = YES;
				CLANG_WARN_CONSTANT_CONVERSION = YES;
				CLANG_WARN_DIRECT_OBJC_ISA_USAGE = YES_ERROR;
				CLANG_WARN_EMPTY_BODY = YES;
				CLANG_WARN_ENUM_CONVERSION = YES;
				CLANG_WARN_INT_CONVERSION = YES;
				CLANG_WARN_OBJC_ROOT_CLASS = YES_ERROR;
				CLANG_WARN_UNREACHABLE_CODE = YES;
				CLANG_WARN__DUPLICATE_METHOD_MATCH = YES;
				"CODE_SIGN_IDENTITY[sdk=iphoneos*]" = "iPhone Developer";
				COPY_PHASE_STRIP = YES;
				ENABLE_NS_ASSERTIONS = NO;
				ENABLE_STRICT_OBJC_MSGSEND = YES;
				GCC_C_LANGUAGE_STANDARD = gnu99;
				GCC_WARN_64_TO_32_BIT_CONVERSION = YES;
				GCC_WARN_ABOUT_RETURN_TYPE = YES_ERROR;
				GCC_WARN_UNDECLARED_SELECTOR = YES;
				GCC_WARN_UNINITIALIZED_AUTOS = YES_AGGRESSIVE;
				GCC_WARN_UNUSED_FUNCTION = YES;
				GCC_WARN_UNUSED_VARIABLE = YES;
				IPHONEOS_DEPLOYMENT_TARGET = 8.1;
				MTL_ENABLE_DEBUG_INFO = NO;
				SDKROOT = iphoneos;
				VALIDATE_PRODUCT = YES;
			};
			name = Release;
		};
		DF1D01E01A09D12400963E02 /* Debug */ = {
			isa = XCBuildConfiguration;
			buildSettings = {
				ASSETCATALOG_COMPILER_APPICON_NAME = AppIcon;
				ASSETCATALOG_COMPILER_LAUNCHIMAGE_NAME = LaunchImage;
				INFOPLIST_FILE = "something is wrong/Info.plist";
				IPHONEOS_DEPLOYMENT_TARGET = 7.0;
				LD_RUNPATH_SEARCH_PATHS = "$(inherited) @executable_path/Frameworks";
				PRODUCT_NAME = "$(TARGET_NAME)";
			};
			name = Debug;
		};
		DF1D01E11A09D12400963E02 /* Release */ = {
			isa = XCBuildConfiguration;
			buildSettings = {
				ASSETCATALOG_COMPILER_APPICON_NAME = AppIcon;
				ASSETCATALOG_COMPILER_LAUNCHIMAGE_NAME = LaunchImage;
				INFOPLIST_FILE = "something is wrong/Info.plist";
				IPHONEOS_DEPLOYMENT_TARGET = 7.0;
				LD_RUNPATH_SEARCH_PATHS = "$(inherited) @executable_path/Frameworks";
				PRODUCT_NAME = "$(TARGET_NAME)";
			};
			name = Release;
		};
		DF1D01E31A09D12400963E02 /* Debug */ = {
			isa = XCBuildConfiguration;
			buildSettings = {
				BUNDLE_LOADER = "$(TEST_HOST)";
				FRAMEWORK_SEARCH_PATHS = (
					"$(SDKROOT)/Developer/Library/Frameworks",
					"$(inherited)",
				);
				GCC_PREPROCESSOR_DEFINITIONS = (
					"DEBUG=1",
					"$(inherited)",
				);
				INFOPLIST_FILE = "something is wrongTests/Info.plist";
				LD_RUNPATH_SEARCH_PATHS = "$(inherited) @executable_path/Frameworks @loader_path/Frameworks";
				PRODUCT_NAME = "$(TARGET_NAME)";
				TEST_HOST = "$(BUILT_PRODUCTS_DIR)/something is wrong.app/something is wrong";
			};
			name = Debug;
		};
		DF1D01E41A09D12400963E02 /* Release */ = {
			isa = XCBuildConfiguration;
			buildSettings = {
				BUNDLE_LOADER = "$(TEST_HOST)";
				FRAMEWORK_SEARCH_PATHS = (
					"$(SDKROOT)/Developer/Library/Frameworks",
					"$(inherited)",
				);
				INFOPLIST_FILE = "something is wrongTests/Info.plist";
				LD_RUNPATH_SEARCH_PATHS = "$(inherited) @executable_path/Frameworks @loader_path/Frameworks";
				PRODUCT_NAME = "$(TARGET_NAME)";
				TEST_HOST = "$(BUILT_PRODUCTS_DIR)/something is wrong.app/something is wrong";
			};
			name = Release;
		};
/* End XCBuildConfiguration section */

/* Begin XCConfigurationList section */
		DF1D01BB1A09D12400963E02 /* Build configuration list for PBXProject "something is wrong" */ = {
			isa = XCConfigurationList;
			buildConfigurations = (
				DF1D01DD1A09D12400963E02 /* Debug */,
				DF1D01DE1A09D12400963E02 /* Release */,
			);
			defaultConfigurationIsVisible = 0;
			defaultConfigurationName = Release;
		};
		DF1D01DF1A09D12400963E02 /* Build configuration list for PBXNativeTarget "something is wrong" */ = {
			isa = XCConfigurationList;
			buildConfigurations = (
				DF1D01E01A09D12400963E02 /* Debug */,
				DF1D01E11A09D12400963E02 /* Release */,
			);
			defaultConfigurationIsVisible = 0;
			defaultConfigurationName = Release;
		};
		DF1D01E21A09D12400963E02 /* Build configuration list for PBXNativeTarget "something is wrongTests" */ = {
			isa = XCConfigurationList;
			buildConfigurations = (
				DF1D01E31A09D12400963E02 /* Debug */,
				DF1D01E41A09D12400963E02 /* Release */,
			);
			defaultConfigurationIsVisible = 0;
			defaultConfigurationName = Release;
		};
/* End XCConfigurationList section */
	};
	rootObject = DF1D01B81A09D12400963E02 /* Project object */;
}
